{
  "originHash" : "8c9938d80c2e62d38c57cacd3ded4831adb089361665b16f46936e1db24bfd19",
  "pins" : [
    {
      "identity" : "paxmpossdk",
      "kind" : "remoteSourceControl",
      "location" : "https://github.com/finix-payments/PaxMposSDK",
      "state" : {
        "branch" : "main",
        "revision" : "fdaa9e1a41ebfabe795461444b334abc482b4752"
      }
    }
  ],
  "version" : 3
}
