{
  "originHash" : "8c9938d80c2e62d38c57cacd3ded4831adb089361665b16f46936e1db24bfd19",
  "pins" : [
    {
      "identity" : "paxmpossdk",
      "kind" : "remoteSourceControl",
      "location" : "https://github.com/finix-payments/PaxMposSDK",
      "state" : {
        "branch" : "main",
        "revision" : "9269560d9b5c58aa0599e7fba708e5855a83568b"
      }
    }
  ],
  "version" : 3
}
